
Microsoft Visual Studio Solution File, Format Version 12.00
# Visual Studio Version 17
VisualStudioVersion = 17.6.33815.320
MinimumVisualStudioVersion = 10.0.40219.1
Project("{FAE04EC0-301F-11D3-BF4B-00C04F79EFBC}") = "ATMapp", "ATMapp\ATMapp.csproj", "{2D2B3550-9CB4-47F9-ABF7-7C8E340E93E7}"
EndProject
Global
	GlobalSection(SolutionConfigurationPlatforms) = preSolution
		Debug|Any CPU = Debug|Any CPU
		Release|Any CPU = Release|Any CPU
	EndGlobalSection
	GlobalSection(ProjectConfigurationPlatforms) = postSolution
		{2D2B3550-9CB4-47F9-ABF7-7C8E340E93E7}.Debug|Any CPU.ActiveCfg = Debug|Any CPU
		{2D2B3550-9CB4-47F9-ABF7-7C8E340E93E7}.Debug|Any CPU.Build.0 = Debug|Any CPU
		{2D2B3550-9CB4-47F9-ABF7-7C8E340E93E7}.Release|Any CPU.ActiveCfg = Release|Any CPU
		{2D2B3550-9CB4-47F9-ABF7-7C8E340E93E7}.Release|Any CPU.Build.0 = Release|Any CPU
	EndGlobalSection
	GlobalSection(SolutionProperties) = preSolution
		HideSolutionNode = FALSE
	EndGlobalSection
	GlobalSection(ExtensibilityGlobals) = postSolution
		SolutionGuid = {6DCC9568-2141-41AB-A3F1-26BCDE11A349}
	EndGlobalSection
EndGlobal
